// !$*UTF8*$!
{
	archiveVersion = 1;
	classes = {
	};
	objectVersion = 56;
	objects = {

/* Begin PBXBuildFile section */
		6021C78C2D7188A300E8BF27 /* SessionManager.swift in Sources */ = {isa = PBXBuildFile; fileRef = 6021C78B2D71889C00E8BF27 /* SessionManager.swift */; };
		603A8BDB2D661F7F00CF595A /* GoogleSignIn in Frameworks */ = {isa = PBXBuildFile; productRef = 603A8BDA2D661F7F00CF595A /* GoogleSignIn */; };
		603A8BDD2D661F7F00CF595A /* GoogleSignInSwift in Frameworks */ = {isa = PBXBuildFile; productRef = 603A8BDC2D661F7F00CF595A /* GoogleSignInSwift */; };
		603A8BE62D67632800CF595A /* ScanRecord.swift in Sources */ = {isa = PBXBuildFile; fileRef = 603A8BE52D67631600CF595A /* ScanRecord.swift */; };
		603A8BE82D692F2200CF595A /* ScanCardView.swift in Sources */ = {isa = PBXBuildFile; fileRef = 603A8BE72D692F1B00CF595A /* ScanCardView.swift */; };
		603A8BF02D6B46A400CF595A /* ScansViewModel.swift in Sources */ = {isa = PBXBuildFile; fileRef = 603A8BEF2D6B469C00CF595A /* ScansViewModel.swift */; };
		603A8BF22D6B46F400CF595A /* ScansListView.swift in Sources */ = {isa = PBXBuildFile; fileRef = 603A8BF12D6B46ED00CF595A /* ScansListView.swift */; };
		6052D54E2CC0D93A0091B2F4 /* ARAction.swift in Sources */ = {isa = PBXBuildFile; fileRef = 6052D54D2CC0D92C0091B2F4 /* ARAction.swift */; };
		6052D5502CC0DA620091B2F4 /* ARManager.swift in Sources */ = {isa = PBXBuildFile; fileRef = 6052D54F2CC0DA5A0091B2F4 /* ARManager.swift */; };
		606E9C182D6F2A3B00998468 /* ProjectCardView.swift in Sources */ = {isa = PBXBuildFile; fileRef = 606E9C172D6F2A3300998468 /* ProjectCardView.swift */; };
		606E9C1E2D6F55A600998468 /* ProjectListView.swift in Sources */ = {isa = PBXBuildFile; fileRef = 606E9C1D2D6F55A600998468 /* ProjectListView.swift */; };
		606E9C202D6F561500998468 /* ProjectViewModel.swift in Sources */ = {isa = PBXBuildFile; fileRef = 606E9C1F2D6F55F800998468 /* ProjectViewModel.swift */; };
		606E9C222D702F1400998468 /* TreeDetailView.swift in Sources */ = {isa = PBXBuildFile; fileRef = 606E9C212D702F0A00998468 /* TreeDetailView.swift */; };
		606E9C242D70463F00998468 /* CreateProjectView.swift in Sources */ = {isa = PBXBuildFile; fileRef = 606E9C232D70463F00998468 /* CreateProjectView.swift */; };
		606EB43F2D639C0F0048EF5C /* TreeInfoView.swift in Sources */ = {isa = PBXBuildFile; fileRef = 606EB43E2D639C010048EF5C /* TreeInfoView.swift */; };
		607254B92CAD3BD800F15EAE /* SignInView.swift in Sources */ = {isa = PBXBuildFile; fileRef = 607254B82CAD3BD800F15EAE /* SignInView.swift */; };
		607254BB2CAD3DCF00F15EAE /* SignUpView.swift in Sources */ = {isa = PBXBuildFile; fileRef = 607254BA2CAD3DCF00F15EAE /* SignUpView.swift */; };
		607254BD2CAD3DEA00F15EAE /* AuthState.swift in Sources */ = {isa = PBXBuildFile; fileRef = 607254BC2CAD3DEA00F15EAE /* AuthState.swift */; };
		607254BF2CAD4FCD00F15EAE /* SignInViewModel.swift in Sources */ = {isa = PBXBuildFile; fileRef = 607254BE2CAD4FCD00F15EAE /* SignInViewModel.swift */; };
		6088572C2D7937410063F99E /* GuideView.swift in Sources */ = {isa = PBXBuildFile; fileRef = 6088572B2D7937370063F99E /* GuideView.swift */; };
		609B5E802D6DF00A00B7864D /* UserRecord.swift in Sources */ = {isa = PBXBuildFile; fileRef = 609B5E7F2D6DEFFB00B7864D /* UserRecord.swift */; };
		609B5E822D6E060000B7864D /* AlertItem.swift in Sources */ = {isa = PBXBuildFile; fileRef = 609B5E812D6E05F200B7864D /* AlertItem.swift */; };
		609B5E842D6EDE7200B7864D /* SettingsView.swift in Sources */ = {isa = PBXBuildFile; fileRef = 609B5E832D6EDE6100B7864D /* SettingsView.swift */; };
		609B5E862D6EF49800B7864D /* SettingsViewModel.swift in Sources */ = {isa = PBXBuildFile; fileRef = 609B5E852D6EF48800B7864D /* SettingsViewModel.swift */; };
		609BA6C22D5360EB006910B8 /* Supabase.swift in Sources */ = {isa = PBXBuildFile; fileRef = 609BA6C12D5360E7006910B8 /* Supabase.swift */; };
		609BA6C42D53D3A6006910B8 /* TreeMeasurementView.swift in Sources */ = {isa = PBXBuildFile; fileRef = 609BA6C32D53D3A6006910B8 /* TreeMeasurementView.swift */; };
		609C13352CB16639002F39EF /* Supabase in Frameworks */ = {isa = PBXBuildFile; productRef = 609C13342CB16639002F39EF /* Supabase */; };
		60B6B81D2CAD7FFE0086930F /* DashBoardView.swift in Sources */ = {isa = PBXBuildFile; fileRef = 60B6B81C2CAD7FFE0086930F /* DashBoardView.swift */; };
		60B6B8262CAE93A80086930F /* ColorExtension.swift in Sources */ = {isa = PBXBuildFile; fileRef = 60B6B8252CAE93A80086930F /* ColorExtension.swift */; };
		60B6B8292CAEA4E50086930F /* Auth in Frameworks */ = {isa = PBXBuildFile; productRef = 60B6B8282CAEA4E50086930F /* Auth */; };
		60B6B82B2CAEA4E50086930F /* Functions in Frameworks */ = {isa = PBXBuildFile; productRef = 60B6B82A2CAEA4E50086930F /* Functions */; };
		60B6B82D2CAEA4E50086930F /* PostgREST in Frameworks */ = {isa = PBXBuildFile; productRef = 60B6B82C2CAEA4E50086930F /* PostgREST */; };
		60B6B82F2CAEA4E50086930F /* Realtime in Frameworks */ = {isa = PBXBuildFile; productRef = 60B6B82E2CAEA4E50086930F /* Realtime */; };
		60B6B8312CAEA4E50086930F /* Storage in Frameworks */ = {isa = PBXBuildFile; productRef = 60B6B8302CAEA4E50086930F /* Storage */; };
		60C2C5172CB6B2ED00C0BA3F /* CustomARView.swift in Sources */ = {isa = PBXBuildFile; fileRef = 60C2C5162CB6B2ED00C0BA3F /* CustomARView.swift */; };
		60C2C51A2CB6B52E00C0BA3F /* CustomARViewRepresentable.swift in Sources */ = {isa = PBXBuildFile; fileRef = 60C2C5192CB6B52E00C0BA3F /* CustomARViewRepresentable.swift */; };
		60C56BF42C982FE700810952 /* AppDelegate.swift in Sources */ = {isa = PBXBuildFile; fileRef = 60C56BF32C982FE700810952 /* AppDelegate.swift */; };
		60C56BF62C982FE700810952 /* ContentView.swift in Sources */ = {isa = PBXBuildFile; fileRef = 60C56BF52C982FE700810952 /* ContentView.swift */; };
		60C56BF82C982FE800810952 /* Assets.xcassets in Resources */ = {isa = PBXBuildFile; fileRef = 60C56BF72C982FE800810952 /* Assets.xcassets */; };
		60C56BFB2C982FE800810952 /* Preview Assets.xcassets in Resources */ = {isa = PBXBuildFile; fileRef = 60C56BFA2C982FE800810952 /* Preview Assets.xcassets */; };
		60C56C052C982FE800810952 /* AI_FORECAST_AppTests.swift in Sources */ = {isa = PBXBuildFile; fileRef = 60C56C042C982FE800810952 /* AI_FORECAST_AppTests.swift */; };
		60C56C0F2C982FE800810952 /* AI_FORECAST_AppUITests.swift in Sources */ = {isa = PBXBuildFile; fileRef = 60C56C0E2C982FE800810952 /* AI_FORECAST_AppUITests.swift */; };
		60C56C112C982FE800810952 /* AI_FORECAST_AppUITestsLaunchTests.swift in Sources */ = {isa = PBXBuildFile; fileRef = 60C56C102C982FE800810952 /* AI_FORECAST_AppUITestsLaunchTests.swift */; };
		60DF8B452D6F1E50003D5562 /* ProjectRecord.swift in Sources */ = {isa = PBXBuildFile; fileRef = 60DF8B442D6F1E45003D5562 /* ProjectRecord.swift */; };
/* End PBXBuildFile section */

/* Begin PBXContainerItemProxy section */
		60C56C012C982FE800810952 /* PBXContainerItemProxy */ = {
			isa = PBXContainerItemProxy;
			containerPortal = 60C56BE82C982FE700810952 /* Project object */;
			proxyType = 1;
			remoteGlobalIDString = 60C56BEF2C982FE700810952;
			remoteInfo = AI_FORECAST_App;
		};
		60C56C0B2C982FE800810952 /* PBXContainerItemProxy */ = {
			isa = PBXContainerItemProxy;
			containerPortal = 60C56BE82C982FE700810952 /* Project object */;
			proxyType = 1;
			remoteGlobalIDString = 60C56BEF2C982FE700810952;
			remoteInfo = AI_FORECAST_App;
		};
/* End PBXContainerItemProxy section */

/* Begin PBXFileReference section */
		6021C78B2D71889C00E8BF27 /* SessionManager.swift */ = {isa = PBXFileReference; lastKnownFileType = sourcecode.swift; path = SessionManager.swift; sourceTree = "<group>"; };
		603A8BDE2D6663B500CF595A /* AI_FORECAST_App.entitlements */ = {isa = PBXFileReference; lastKnownFileType = text.plist.entitlements; path = AI_FORECAST_App.entitlements; sourceTree = "<group>"; };
		603A8BE52D67631600CF595A /* ScanRecord.swift */ = {isa = PBXFileReference; lastKnownFileType = sourcecode.swift; path = ScanRecord.swift; sourceTree = "<group>"; };
		603A8BE72D692F1B00CF595A /* ScanCardView.swift */ = {isa = PBXFileReference; lastKnownFileType = sourcecode.swift; path = ScanCardView.swift; sourceTree = "<group>"; };
		603A8BEF2D6B469C00CF595A /* ScansViewModel.swift */ = {isa = PBXFileReference; lastKnownFileType = sourcecode.swift; path = ScansViewModel.swift; sourceTree = "<group>"; };
		603A8BF12D6B46ED00CF595A /* ScansListView.swift */ = {isa = PBXFileReference; lastKnownFileType = sourcecode.swift; path = ScansListView.swift; sourceTree = "<group>"; };
		6052D54D2CC0D92C0091B2F4 /* ARAction.swift */ = {isa = PBXFileReference; lastKnownFileType = sourcecode.swift; path = ARAction.swift; sourceTree = "<group>"; };
		6052D54F2CC0DA5A0091B2F4 /* ARManager.swift */ = {isa = PBXFileReference; lastKnownFileType = sourcecode.swift; path = ARManager.swift; sourceTree = "<group>"; };
		606E9C172D6F2A3300998468 /* ProjectCardView.swift */ = {isa = PBXFileReference; lastKnownFileType = sourcecode.swift; path = ProjectCardView.swift; sourceTree = "<group>"; };
		606E9C1D2D6F55A600998468 /* ProjectListView.swift */ = {isa = PBXFileReference; lastKnownFileType = sourcecode.swift; path = ProjectListView.swift; sourceTree = "<group>"; };
		606E9C1F2D6F55F800998468 /* ProjectViewModel.swift */ = {isa = PBXFileReference; lastKnownFileType = sourcecode.swift; path = ProjectViewModel.swift; sourceTree = "<group>"; };
		606E9C212D702F0A00998468 /* TreeDetailView.swift */ = {isa = PBXFileReference; lastKnownFileType = sourcecode.swift; path = TreeDetailView.swift; sourceTree = "<group>"; };
		606E9C232D70463F00998468 /* CreateProjectView.swift */ = {isa = PBXFileReference; lastKnownFileType = sourcecode.swift; path = CreateProjectView.swift; sourceTree = "<group>"; };
		606EB43E2D639C010048EF5C /* TreeInfoView.swift */ = {isa = PBXFileReference; lastKnownFileType = sourcecode.swift; path = TreeInfoView.swift; sourceTree = "<group>"; };
		607254B82CAD3BD800F15EAE /* SignInView.swift */ = {isa = PBXFileReference; lastKnownFileType = sourcecode.swift; path = SignInView.swift; sourceTree = "<group>"; };
		607254BA2CAD3DCF00F15EAE /* SignUpView.swift */ = {isa = PBXFileReference; lastKnownFileType = sourcecode.swift; path = SignUpView.swift; sourceTree = "<group>"; };
		607254BC2CAD3DEA00F15EAE /* AuthState.swift */ = {isa = PBXFileReference; lastKnownFileType = sourcecode.swift; path = AuthState.swift; sourceTree = "<group>"; };
		607254BE2CAD4FCD00F15EAE /* SignInViewModel.swift */ = {isa = PBXFileReference; lastKnownFileType = sourcecode.swift; path = SignInViewModel.swift; sourceTree = "<group>"; };
		6088572B2D7937370063F99E /* GuideView.swift */ = {isa = PBXFileReference; lastKnownFileType = sourcecode.swift; path = GuideView.swift; sourceTree = "<group>"; };
		609B5E7F2D6DEFFB00B7864D /* UserRecord.swift */ = {isa = PBXFileReference; lastKnownFileType = sourcecode.swift; path = UserRecord.swift; sourceTree = "<group>"; };
		609B5E812D6E05F200B7864D /* AlertItem.swift */ = {isa = PBXFileReference; lastKnownFileType = sourcecode.swift; path = AlertItem.swift; sourceTree = "<group>"; };
		609B5E832D6EDE6100B7864D /* SettingsView.swift */ = {isa = PBXFileReference; lastKnownFileType = sourcecode.swift; path = SettingsView.swift; sourceTree = "<group>"; };
		609B5E852D6EF48800B7864D /* SettingsViewModel.swift */ = {isa = PBXFileReference; lastKnownFileType = sourcecode.swift; path = SettingsViewModel.swift; sourceTree = "<group>"; };
		609BA6C12D5360E7006910B8 /* Supabase.swift */ = {isa = PBXFileReference; lastKnownFileType = sourcecode.swift; path = Supabase.swift; sourceTree = "<group>"; };
		609BA6C32D53D3A6006910B8 /* TreeMeasurementView.swift */ = {isa = PBXFileReference; lastKnownFileType = sourcecode.swift; path = TreeMeasurementView.swift; sourceTree = "<group>"; };
		60B6B81C2CAD7FFE0086930F /* DashBoardView.swift */ = {isa = PBXFileReference; lastKnownFileType = sourcecode.swift; path = DashBoardView.swift; sourceTree = "<group>"; };
		60B6B8252CAE93A80086930F /* ColorExtension.swift */ = {isa = PBXFileReference; lastKnownFileType = sourcecode.swift; path = ColorExtension.swift; sourceTree = "<group>"; };
		60C2C5162CB6B2ED00C0BA3F /* CustomARView.swift */ = {isa = PBXFileReference; lastKnownFileType = sourcecode.swift; path = CustomARView.swift; sourceTree = "<group>"; };
		60C2C5192CB6B52E00C0BA3F /* CustomARViewRepresentable.swift */ = {isa = PBXFileReference; lastKnownFileType = sourcecode.swift; path = CustomARViewRepresentable.swift; sourceTree = "<group>"; };
		60C56BF02C982FE700810952 /* AI_FORECAST_App.app */ = {isa = PBXFileReference; explicitFileType = wrapper.application; includeInIndex = 0; path = AI_FORECAST_App.app; sourceTree = BUILT_PRODUCTS_DIR; };
		60C56BF32C982FE700810952 /* AppDelegate.swift */ = {isa = PBXFileReference; lastKnownFileType = sourcecode.swift; path = AppDelegate.swift; sourceTree = "<group>"; };
		60C56BF52C982FE700810952 /* ContentView.swift */ = {isa = PBXFileReference; lastKnownFileType = sourcecode.swift; path = ContentView.swift; sourceTree = "<group>"; };
		60C56BF72C982FE800810952 /* Assets.xcassets */ = {isa = PBXFileReference; lastKnownFileType = folder.assetcatalog; path = Assets.xcassets; sourceTree = "<group>"; };
		60C56BFA2C982FE800810952 /* Preview Assets.xcassets */ = {isa = PBXFileReference; lastKnownFileType = folder.assetcatalog; path = "Preview Assets.xcassets"; sourceTree = "<group>"; };
		60C56C002C982FE800810952 /* AI_FORECAST_AppTests.xctest */ = {isa = PBXFileReference; explicitFileType = wrapper.cfbundle; includeInIndex = 0; path = AI_FORECAST_AppTests.xctest; sourceTree = BUILT_PRODUCTS_DIR; };
		60C56C042C982FE800810952 /* AI_FORECAST_AppTests.swift */ = {isa = PBXFileReference; lastKnownFileType = sourcecode.swift; path = AI_FORECAST_AppTests.swift; sourceTree = "<group>"; };
		60C56C0A2C982FE800810952 /* AI_FORECAST_AppUITests.xctest */ = {isa = PBXFileReference; explicitFileType = wrapper.cfbundle; includeInIndex = 0; path = AI_FORECAST_AppUITests.xctest; sourceTree = BUILT_PRODUCTS_DIR; };
		60C56C0E2C982FE800810952 /* AI_FORECAST_AppUITests.swift */ = {isa = PBXFileReference; lastKnownFileType = sourcecode.swift; path = AI_FORECAST_AppUITests.swift; sourceTree = "<group>"; };
		60C56C102C982FE800810952 /* AI_FORECAST_AppUITestsLaunchTests.swift */ = {isa = PBXFileReference; lastKnownFileType = sourcecode.swift; path = AI_FORECAST_AppUITestsLaunchTests.swift; sourceTree = "<group>"; };
		60DF8B442D6F1E45003D5562 /* ProjectRecord.swift */ = {isa = PBXFileReference; lastKnownFileType = sourcecode.swift; path = ProjectRecord.swift; sourceTree = "<group>"; };
/* End PBXFileReference section */

/* Begin PBXFrameworksBuildPhase section */
		60C56BED2C982FE700810952 /* Frameworks */ = {
			isa = PBXFrameworksBuildPhase;
			buildActionMask = 2147483647;
			files = (
				60B6B82D2CAEA4E50086930F /* PostgREST in Frameworks */,
				60B6B82B2CAEA4E50086930F /* Functions in Frameworks */,
				609C13352CB16639002F39EF /* Supabase in Frameworks */,
				603A8BDD2D661F7F00CF595A /* GoogleSignInSwift in Frameworks */,
				60B6B8292CAEA4E50086930F /* Auth in Frameworks */,
				60B6B8312CAEA4E50086930F /* Storage in Frameworks */,
				60B6B82F2CAEA4E50086930F /* Realtime in Frameworks */,
				603A8BDB2D661F7F00CF595A /* GoogleSignIn in Frameworks */,
			);
			runOnlyForDeploymentPostprocessing = 0;
		};
		60C56BFD2C982FE800810952 /* Frameworks */ = {
			isa = PBXFrameworksBuildPhase;
			buildActionMask = 2147483647;
			files = (
			);
			runOnlyForDeploymentPostprocessing = 0;
		};
		60C56C072C982FE800810952 /* Frameworks */ = {
			isa = PBXFrameworksBuildPhase;
			buildActionMask = 2147483647;
			files = (
			);
			runOnlyForDeploymentPostprocessing = 0;
		};
/* End PBXFrameworksBuildPhase section */

/* Begin PBXGroup section */
		609B5E7E2D6DEFD600B7864D /* DataStructs */ = {
			isa = PBXGroup;
			children = (
				60DF8B442D6F1E45003D5562 /* ProjectRecord.swift */,
				609B5E812D6E05F200B7864D /* AlertItem.swift */,
				609B5E7F2D6DEFFB00B7864D /* UserRecord.swift */,
				603A8BE52D67631600CF595A /* ScanRecord.swift */,
				607254BC2CAD3DEA00F15EAE /* AuthState.swift */,
			);
			path = DataStructs;
			sourceTree = "<group>";
		};
		609C13332CB16639002F39EF /* Frameworks */ = {
			isa = PBXGroup;
			children = (
			);
			name = Frameworks;
			sourceTree = "<group>";
		};
		60C2C5182CB6B4F900C0BA3F /* ARFunctionality */ = {
			isa = PBXGroup;
			children = (
				609BA6C32D53D3A6006910B8 /* TreeMeasurementView.swift */,
				6052D54D2CC0D92C0091B2F4 /* ARAction.swift */,
				6052D54F2CC0DA5A0091B2F4 /* ARManager.swift */,
				60C2C5162CB6B2ED00C0BA3F /* CustomARView.swift */,
				60C2C5192CB6B52E00C0BA3F /* CustomARViewRepresentable.swift */,
			);
			path = ARFunctionality;
			sourceTree = "<group>";
		};
		60C56BE72C982FE700810952 = {
			isa = PBXGroup;
			children = (
				60C56BF22C982FE700810952 /* AI_FORECAST_App */,
				60C56C032C982FE800810952 /* AI_FORECAST_AppTests */,
				60C56C0D2C982FE800810952 /* AI_FORECAST_AppUITests */,
				60C56BF12C982FE700810952 /* Products */,
				609C13332CB16639002F39EF /* Frameworks */,
			);
			sourceTree = "<group>";
		};
		60C56BF12C982FE700810952 /* Products */ = {
			isa = PBXGroup;
			children = (
				60C56BF02C982FE700810952 /* AI_FORECAST_App.app */,
				60C56C002C982FE800810952 /* AI_FORECAST_AppTests.xctest */,
				60C56C0A2C982FE800810952 /* AI_FORECAST_AppUITests.xctest */,
			);
			name = Products;
			sourceTree = "<group>";
		};
		60C56BF22C982FE700810952 /* AI_FORECAST_App */ = {
			isa = PBXGroup;
			children = (
				60DF8B412D6F1A5B003D5562 /* Views */,
				609B5E7E2D6DEFD600B7864D /* DataStructs */,
				603A8BEF2D6B469C00CF595A /* ScansViewModel.swift */,
				609B5E852D6EF48800B7864D /* SettingsViewModel.swift */,
				606E9C1F2D6F55F800998468 /* ProjectViewModel.swift */,
				6021C78B2D71889C00E8BF27 /* SessionManager.swift */,
				607254BE2CAD4FCD00F15EAE /* SignInViewModel.swift */,
				606E9C172D6F2A3300998468 /* ProjectCardView.swift */,
				603A8BE72D692F1B00CF595A /* ScanCardView.swift */,
				603A8BDE2D6663B500CF595A /* AI_FORECAST_App.entitlements */,
				609BA6C12D5360E7006910B8 /* Supabase.swift */,
				60C56BF32C982FE700810952 /* AppDelegate.swift */,
				60C56BF52C982FE700810952 /* ContentView.swift */,
				60C56BF72C982FE800810952 /* Assets.xcassets */,
				60C56BF92C982FE800810952 /* Preview Content */,
				60C2C5182CB6B4F900C0BA3F /* ARFunctionality */,
				60B6B8252CAE93A80086930F /* ColorExtension.swift */,
			);
			path = AI_FORECAST_App;
			sourceTree = "<group>";
		};
		60C56BF92C982FE800810952 /* Preview Content */ = {
			isa = PBXGroup;
			children = (
				60C56BFA2C982FE800810952 /* Preview Assets.xcassets */,
			);
			path = "Preview Content";
			sourceTree = "<group>";
		};
		60C56C032C982FE800810952 /* AI_FORECAST_AppTests */ = {
			isa = PBXGroup;
			children = (
				60C56C042C982FE800810952 /* AI_FORECAST_AppTests.swift */,
			);
			path = AI_FORECAST_AppTests;
			sourceTree = "<group>";
		};
		60C56C0D2C982FE800810952 /* AI_FORECAST_AppUITests */ = {
			isa = PBXGroup;
			children = (
				60C56C0E2C982FE800810952 /* AI_FORECAST_AppUITests.swift */,
				60C56C102C982FE800810952 /* AI_FORECAST_AppUITestsLaunchTests.swift */,
			);
			path = AI_FORECAST_AppUITests;
			sourceTree = "<group>";
		};
		60DF8B412D6F1A5B003D5562 /* Views */ = {
			isa = PBXGroup;
			children = (
				6088572B2D7937370063F99E /* GuideView.swift */,
				606E9C212D702F0A00998468 /* TreeDetailView.swift */,
				609B5E832D6EDE6100B7864D /* SettingsView.swift */,
				603A8BF12D6B46ED00CF595A /* ScansListView.swift */,
				606EB43E2D639C010048EF5C /* TreeInfoView.swift */,
				607254B82CAD3BD800F15EAE /* SignInView.swift */,
				607254BA2CAD3DCF00F15EAE /* SignUpView.swift */,
				60B6B81C2CAD7FFE0086930F /* DashBoardView.swift */,
				606E9C1D2D6F55A600998468 /* ProjectListView.swift */,
				606E9C232D70463F00998468 /* CreateProjectView.swift */,
			);
			path = Views;
			sourceTree = "<group>";
		};
/* End PBXGroup section */

/* Begin PBXNativeTarget section */
		60C56BEF2C982FE700810952 /* AI_FORECAST_App */ = {
			isa = PBXNativeTarget;
			buildConfigurationList = 60C56C142C982FE800810952 /* Build configuration list for PBXNativeTarget "AI_FORECAST_App" */;
			buildPhases = (
				60C56BEC2C982FE700810952 /* Sources */,
				60C56BED2C982FE700810952 /* Frameworks */,
				60C56BEE2C982FE700810952 /* Resources */,
			);
			buildRules = (
			);
			dependencies = (
			);
			name = AI_FORECAST_App;
			packageProductDependencies = (
				60B6B8282CAEA4E50086930F /* Auth */,
				60B6B82A2CAEA4E50086930F /* Functions */,
				60B6B82C2CAEA4E50086930F /* PostgREST */,
				60B6B82E2CAEA4E50086930F /* Realtime */,
				60B6B8302CAEA4E50086930F /* Storage */,
				609C13342CB16639002F39EF /* Supabase */,
				603A8BDA2D661F7F00CF595A /* GoogleSignIn */,
				603A8BDC2D661F7F00CF595A /* GoogleSignInSwift */,
			);
			productName = AI_FORECAST_App;
			productReference = 60C56BF02C982FE700810952 /* AI_FORECAST_App.app */;
			productType = "com.apple.product-type.application";
		};
		60C56BFF2C982FE800810952 /* AI_FORECAST_AppTests */ = {
			isa = PBXNativeTarget;
			buildConfigurationList = 60C56C172C982FE800810952 /* Build configuration list for PBXNativeTarget "AI_FORECAST_AppTests" */;
			buildPhases = (
				60C56BFC2C982FE800810952 /* Sources */,
				60C56BFD2C982FE800810952 /* Frameworks */,
				60C56BFE2C982FE800810952 /* Resources */,
			);
			buildRules = (
			);
			dependencies = (
				60C56C022C982FE800810952 /* PBXTargetDependency */,
			);
			name = AI_FORECAST_AppTests;
			productName = AI_FORECAST_AppTests;
			productReference = 60C56C002C982FE800810952 /* AI_FORECAST_AppTests.xctest */;
			productType = "com.apple.product-type.bundle.unit-test";
		};
		60C56C092C982FE800810952 /* AI_FORECAST_AppUITests */ = {
			isa = PBXNativeTarget;
			buildConfigurationList = 60C56C1A2C982FE800810952 /* Build configuration list for PBXNativeTarget "AI_FORECAST_AppUITests" */;
			buildPhases = (
				60C56C062C982FE800810952 /* Sources */,
				60C56C072C982FE800810952 /* Frameworks */,
				60C56C082C982FE800810952 /* Resources */,
			);
			buildRules = (
			);
			dependencies = (
				60C56C0C2C982FE800810952 /* PBXTargetDependency */,
			);
			name = AI_FORECAST_AppUITests;
			productName = AI_FORECAST_AppUITests;
			productReference = 60C56C0A2C982FE800810952 /* AI_FORECAST_AppUITests.xctest */;
			productType = "com.apple.product-type.bundle.ui-testing";
		};
/* End PBXNativeTarget section */

/* Begin PBXProject section */
		60C56BE82C982FE700810952 /* Project object */ = {
			isa = PBXProject;
			attributes = {
				BuildIndependentTargetsInParallel = 1;
				LastSwiftUpdateCheck = 1540;
				LastUpgradeCheck = 1540;
				TargetAttributes = {
					60C56BEF2C982FE700810952 = {
						CreatedOnToolsVersion = 15.4;
					};
					60C56BFF2C982FE800810952 = {
						CreatedOnToolsVersion = 15.4;
						TestTargetID = 60C56BEF2C982FE700810952;
					};
					60C56C092C982FE800810952 = {
						CreatedOnToolsVersion = 15.4;
						TestTargetID = 60C56BEF2C982FE700810952;
					};
				};
			};
			buildConfigurationList = 60C56BEB2C982FE700810952 /* Build configuration list for PBXProject "AI_FORECAST_App" */;
			compatibilityVersion = "Xcode 14.0";
			developmentRegion = en;
			hasScannedForEncodings = 0;
			knownRegions = (
				en,
				Base,
			);
			mainGroup = 60C56BE72C982FE700810952;
			packageReferences = (
				60B6B8272CAEA4E50086930F /* XCRemoteSwiftPackageReference "supabase-swift" */,
				603A8BD92D661F7F00CF595A /* XCRemoteSwiftPackageReference "GoogleSignIn-iOS" */,
			);
			productRefGroup = 60C56BF12C982FE700810952 /* Products */;
			projectDirPath = "";
			projectRoot = "";
			targets = (
				60C56BEF2C982FE700810952 /* AI_FORECAST_App */,
				60C56BFF2C982FE800810952 /* AI_FORECAST_AppTests */,
				60C56C092C982FE800810952 /* AI_FORECAST_AppUITests */,
			);
		};
/* End PBXProject section */

/* Begin PBXResourcesBuildPhase section */
		60C56BEE2C982FE700810952 /* Resources */ = {
			isa = PBXResourcesBuildPhase;
			buildActionMask = 2147483647;
			files = (
				60C56BFB2C982FE800810952 /* Preview Assets.xcassets in Resources */,
				60C56BF82C982FE800810952 /* Assets.xcassets in Resources */,
			);
			runOnlyForDeploymentPostprocessing = 0;
		};
		60C56BFE2C982FE800810952 /* Resources */ = {
			isa = PBXResourcesBuildPhase;
			buildActionMask = 2147483647;
			files = (
			);
			runOnlyForDeploymentPostprocessing = 0;
		};
		60C56C082C982FE800810952 /* Resources */ = {
			isa = PBXResourcesBuildPhase;
			buildActionMask = 2147483647;
			files = (
			);
			runOnlyForDeploymentPostprocessing = 0;
		};
/* End PBXResourcesBuildPhase section */

/* Begin PBXSourcesBuildPhase section */
		60C56BEC2C982FE700810952 /* Sources */ = {
			isa = PBXSourcesBuildPhase;
			buildActionMask = 2147483647;
			files = (
				607254BB2CAD3DCF00F15EAE /* SignUpView.swift in Sources */,
				609B5E862D6EF49800B7864D /* SettingsViewModel.swift in Sources */,
				603A8BF22D6B46F400CF595A /* ScansListView.swift in Sources */,
				607254B92CAD3BD800F15EAE /* SignInView.swift in Sources */,
				607254BF2CAD4FCD00F15EAE /* SignInViewModel.swift in Sources */,
				609B5E802D6DF00A00B7864D /* UserRecord.swift in Sources */,
				60B6B8262CAE93A80086930F /* ColorExtension.swift in Sources */,
				603A8BF02D6B46A400CF595A /* ScansViewModel.swift in Sources */,
				6021C78C2D7188A300E8BF27 /* SessionManager.swift in Sources */,
				606E9C242D70463F00998468 /* CreateProjectView.swift in Sources */,
				606E9C1E2D6F55A600998468 /* ProjectListView.swift in Sources */,
				6052D5502CC0DA620091B2F4 /* ARManager.swift in Sources */,
				60DF8B452D6F1E50003D5562 /* ProjectRecord.swift in Sources */,
				6052D54E2CC0D93A0091B2F4 /* ARAction.swift in Sources */,
				6088572C2D7937410063F99E /* GuideView.swift in Sources */,
				60C2C5172CB6B2ED00C0BA3F /* CustomARView.swift in Sources */,
				603A8BE82D692F2200CF595A /* ScanCardView.swift in Sources */,
				609B5E822D6E060000B7864D /* AlertItem.swift in Sources */,
				60C2C51A2CB6B52E00C0BA3F /* CustomARViewRepresentable.swift in Sources */,
				606EB43F2D639C0F0048EF5C /* TreeInfoView.swift in Sources */,
				606E9C222D702F1400998468 /* TreeDetailView.swift in Sources */,
				603A8BE62D67632800CF595A /* ScanRecord.swift in Sources */,
				60B6B81D2CAD7FFE0086930F /* DashBoardView.swift in Sources */,
				606E9C202D6F561500998468 /* ProjectViewModel.swift in Sources */,
				609BA6C22D5360EB006910B8 /* Supabase.swift in Sources */,
				607254BD2CAD3DEA00F15EAE /* AuthState.swift in Sources */,
				60C56BF62C982FE700810952 /* ContentView.swift in Sources */,
				60C56BF42C982FE700810952 /* AppDelegate.swift in Sources */,
				606E9C182D6F2A3B00998468 /* ProjectCardView.swift in Sources */,
				609BA6C42D53D3A6006910B8 /* TreeMeasurementView.swift in Sources */,
				609B5E842D6EDE7200B7864D /* SettingsView.swift in Sources */,
			);
			runOnlyForDeploymentPostprocessing = 0;
		};
		60C56BFC2C982FE800810952 /* Sources */ = {
			isa = PBXSourcesBuildPhase;
			buildActionMask = 2147483647;
			files = (
				60C56C052C982FE800810952 /* AI_FORECAST_AppTests.swift in Sources */,
			);
			runOnlyForDeploymentPostprocessing = 0;
		};
		60C56C062C982FE800810952 /* Sources */ = {
			isa = PBXSourcesBuildPhase;
			buildActionMask = 2147483647;
			files = (
				60C56C0F2C982FE800810952 /* AI_FORECAST_AppUITests.swift in Sources */,
				60C56C112C982FE800810952 /* AI_FORECAST_AppUITestsLaunchTests.swift in Sources */,
			);
			runOnlyForDeploymentPostprocessing = 0;
		};
/* End PBXSourcesBuildPhase section */

/* Begin PBXTargetDependency section */
		60C56C022C982FE800810952 /* PBXTargetDependency */ = {
			isa = PBXTargetDependency;
			target = 60C56BEF2C982FE700810952 /* AI_FORECAST_App */;
			targetProxy = 60C56C012C982FE800810952 /* PBXContainerItemProxy */;
		};
		60C56C0C2C982FE800810952 /* PBXTargetDependency */ = {
			isa = PBXTargetDependency;
			target = 60C56BEF2C982FE700810952 /* AI_FORECAST_App */;
			targetProxy = 60C56C0B2C982FE800810952 /* PBXContainerItemProxy */;
		};
/* End PBXTargetDependency section */

/* Begin XCBuildConfiguration section */
		60C56C122C982FE800810952 /* Debug */ = {
			isa = XCBuildConfiguration;
			buildSettings = {
				ALWAYS_SEARCH_USER_PATHS = NO;
				ASSETCATALOG_COMPILER_GENERATE_SWIFT_ASSET_SYMBOL_EXTENSIONS = YES;
				CLANG_ANALYZER_NONNULL = YES;
				CLANG_ANALYZER_NUMBER_OBJECT_CONVERSION = YES_AGGRESSIVE;
				CLANG_CXX_LANGUAGE_STANDARD = "gnu++20";
				CLANG_ENABLE_MODULES = YES;
				CLANG_ENABLE_OBJC_ARC = YES;
				CLANG_ENABLE_OBJC_WEAK = YES;
				CLANG_WARN_BLOCK_CAPTURE_AUTORELEASING = YES;
				CLANG_WARN_BOOL_CONVERSION = YES;
				CLANG_WARN_COMMA = YES;
				CLANG_WARN_CONSTANT_CONVERSION = YES;
				CLANG_WARN_DEPRECATED_OBJC_IMPLEMENTATIONS = YES;
				CLANG_WARN_DIRECT_OBJC_ISA_USAGE = YES_ERROR;
				CLANG_WARN_DOCUMENTATION_COMMENTS = YES;
				CLANG_WARN_EMPTY_BODY = YES;
				CLANG_WARN_ENUM_CONVERSION = YES;
				CLANG_WARN_INFINITE_RECURSION = YES;
				CLANG_WARN_INT_CONVERSION = YES;
				CLANG_WARN_NON_LITERAL_NULL_CONVERSION = YES;
				CLANG_WARN_OBJC_IMPLICIT_RETAIN_SELF = YES;
				CLANG_WARN_OBJC_LITERAL_CONVERSION = YES;
				CLANG_WARN_OBJC_ROOT_CLASS = YES_ERROR;
				CLANG_WARN_QUOTED_INCLUDE_IN_FRAMEWORK_HEADER = YES;
				CLANG_WARN_RANGE_LOOP_ANALYSIS = YES;
				CLANG_WARN_STRICT_PROTOTYPES = YES;
				CLANG_WARN_SUSPICIOUS_MOVE = YES;
				CLANG_WARN_UNGUARDED_AVAILABILITY = YES_AGGRESSIVE;
				CLANG_WARN_UNREACHABLE_CODE = YES;
				CLANG_WARN__DUPLICATE_METHOD_MATCH = YES;
				COPY_PHASE_STRIP = NO;
				DEBUG_INFORMATION_FORMAT = dwarf;
				ENABLE_STRICT_OBJC_MSGSEND = YES;
				ENABLE_TESTABILITY = YES;
				ENABLE_USER_SCRIPT_SANDBOXING = YES;
				GCC_C_LANGUAGE_STANDARD = gnu17;
				GCC_DYNAMIC_NO_PIC = NO;
				GCC_NO_COMMON_BLOCKS = YES;
				GCC_OPTIMIZATION_LEVEL = 0;
				GCC_PREPROCESSOR_DEFINITIONS = (
					"DEBUG=1",
					"$(inherited)",
				);
				GCC_WARN_64_TO_32_BIT_CONVERSION = YES;
				GCC_WARN_ABOUT_RETURN_TYPE = YES_ERROR;
				GCC_WARN_UNDECLARED_SELECTOR = YES;
				GCC_WARN_UNINITIALIZED_AUTOS = YES_AGGRESSIVE;
				GCC_WARN_UNUSED_FUNCTION = YES;
				GCC_WARN_UNUSED_VARIABLE = YES;
				IPHONEOS_DEPLOYMENT_TARGET = 17.5;
				LOCALIZATION_PREFERS_STRING_CATALOGS = YES;
				MTL_ENABLE_DEBUG_INFO = INCLUDE_SOURCE;
				MTL_FAST_MATH = YES;
				ONLY_ACTIVE_ARCH = YES;
				SDKROOT = iphoneos;
				SWIFT_ACTIVE_COMPILATION_CONDITIONS = "DEBUG $(inherited)";
				SWIFT_OPTIMIZATION_LEVEL = "-Onone";
			};
			name = Debug;
		};
		60C56C132C982FE800810952 /* Release */ = {
			isa = XCBuildConfiguration;
			buildSettings = {
				ALWAYS_SEARCH_USER_PATHS = NO;
				ASSETCATALOG_COMPILER_GENERATE_SWIFT_ASSET_SYMBOL_EXTENSIONS = YES;
				CLANG_ANALYZER_NONNULL = YES;
				CLANG_ANALYZER_NUMBER_OBJECT_CONVERSION = YES_AGGRESSIVE;
				CLANG_CXX_LANGUAGE_STANDARD = "gnu++20";
				CLANG_ENABLE_MODULES = YES;
				CLANG_ENABLE_OBJC_ARC = YES;
				CLANG_ENABLE_OBJC_WEAK = YES;
				CLANG_WARN_BLOCK_CAPTURE_AUTORELEASING = YES;
				CLANG_WARN_BOOL_CONVERSION = YES;
				CLANG_WARN_COMMA = YES;
				CLANG_WARN_CONSTANT_CONVERSION = YES;
				CLANG_WARN_DEPRECATED_OBJC_IMPLEMENTATIONS = YES;
				CLANG_WARN_DIRECT_OBJC_ISA_USAGE = YES_ERROR;
				CLANG_WARN_DOCUMENTATION_COMMENTS = YES;
				CLANG_WARN_EMPTY_BODY = YES;
				CLANG_WARN_ENUM_CONVERSION = YES;
				CLANG_WARN_INFINITE_RECURSION = YES;
				CLANG_WARN_INT_CONVERSION = YES;
				CLANG_WARN_NON_LITERAL_NULL_CONVERSION = YES;
				CLANG_WARN_OBJC_IMPLICIT_RETAIN_SELF = YES;
				CLANG_WARN_OBJC_LITERAL_CONVERSION = YES;
				CLANG_WARN_OBJC_ROOT_CLASS = YES_ERROR;
				CLANG_WARN_QUOTED_INCLUDE_IN_FRAMEWORK_HEADER = YES;
				CLANG_WARN_RANGE_LOOP_ANALYSIS = YES;
				CLANG_WARN_STRICT_PROTOTYPES = YES;
				CLANG_WARN_SUSPICIOUS_MOVE = YES;
				CLANG_WARN_UNGUARDED_AVAILABILITY = YES_AGGRESSIVE;
				CLANG_WARN_UNREACHABLE_CODE = YES;
				CLANG_WARN__DUPLICATE_METHOD_MATCH = YES;
				COPY_PHASE_STRIP = NO;
				DEBUG_INFORMATION_FORMAT = "dwarf-with-dsym";
				ENABLE_NS_ASSERTIONS = NO;
				ENABLE_STRICT_OBJC_MSGSEND = YES;
				ENABLE_USER_SCRIPT_SANDBOXING = YES;
				GCC_C_LANGUAGE_STANDARD = gnu17;
				GCC_NO_COMMON_BLOCKS = YES;
				GCC_WARN_64_TO_32_BIT_CONVERSION = YES;
				GCC_WARN_ABOUT_RETURN_TYPE = YES_ERROR;
				GCC_WARN_UNDECLARED_SELECTOR = YES;
				GCC_WARN_UNINITIALIZED_AUTOS = YES_AGGRESSIVE;
				GCC_WARN_UNUSED_FUNCTION = YES;
				GCC_WARN_UNUSED_VARIABLE = YES;
				IPHONEOS_DEPLOYMENT_TARGET = 17.5;
				LOCALIZATION_PREFERS_STRING_CATALOGS = YES;
				MTL_ENABLE_DEBUG_INFO = NO;
				MTL_FAST_MATH = YES;
				SDKROOT = iphoneos;
				SWIFT_COMPILATION_MODE = wholemodule;
				VALIDATE_PRODUCT = YES;
			};
			name = Release;
		};
		60C56C152C982FE800810952 /* Debug */ = {
			isa = XCBuildConfiguration;
			buildSettings = {
				ASSETCATALOG_COMPILER_APPICON_NAME = AppIcon;
				ASSETCATALOG_COMPILER_GLOBAL_ACCENT_COLOR_NAME = AccentColor;
				CODE_SIGN_ENTITLEMENTS = AI_FORECAST_App/AI_FORECAST_App.entitlements;
				CODE_SIGN_STYLE = Automatic;
				CURRENT_PROJECT_VERSION = 1;
				DEVELOPMENT_ASSET_PATHS = "\"AI_FORECAST_App/Preview Content\"";
				DEVELOPMENT_TEAM = "";
				ENABLE_PREVIEWS = YES;
				GENERATE_INFOPLIST_FILE = YES;
				INFOPLIST_KEY_NSCameraUsageDescription = "Needed to show AR View";
				INFOPLIST_KEY_UIApplicationSupportsIndirectInputEvents = YES;
				INFOPLIST_KEY_UILaunchScreen_Generation = YES;
				INFOPLIST_KEY_UIRequiredDeviceCapabilities = arkit;
				INFOPLIST_KEY_UIStatusBarHidden = YES;
				INFOPLIST_KEY_UISupportedInterfaceOrientations_iPad = "UIInterfaceOrientationPortrait UIInterfaceOrientationPortraitUpsideDown UIInterfaceOrientationLandscapeLeft UIInterfaceOrientationLandscapeRight";
				INFOPLIST_KEY_UISupportedInterfaceOrientations_iPhone = "UIInterfaceOrientationPortrait UIInterfaceOrientationLandscapeLeft UIInterfaceOrientationLandscapeRight";
				LD_RUNPATH_SEARCH_PATHS = (
					"$(inherited)",
					"@executable_path/Frameworks",
				);
				MARKETING_VERSION = 1.0;
				PRODUCT_BUNDLE_IDENTIFIER = "LearningReact.AI-FORECAST-App";
				PRODUCT_NAME = "$(TARGET_NAME)";
				SWIFT_EMIT_LOC_STRINGS = YES;
				SWIFT_VERSION = 5.0;
				TARGETED_DEVICE_FAMILY = "1,2";
			};
			name = Debug;
		};
		60C56C162C982FE800810952 /* Release */ = {
			isa = XCBuildConfiguration;
			buildSettings = {
				ASSETCATALOG_COMPILER_APPICON_NAME = AppIcon;
				ASSETCATALOG_COMPILER_GLOBAL_ACCENT_COLOR_NAME = AccentColor;
				CODE_SIGN_ENTITLEMENTS = AI_FORECAST_App/AI_FORECAST_App.entitlements;
				CODE_SIGN_STYLE = Automatic;
				CURRENT_PROJECT_VERSION = 1;
				DEVELOPMENT_ASSET_PATHS = "\"AI_FORECAST_App/Preview Content\"";
				DEVELOPMENT_TEAM = "";
				ENABLE_PREVIEWS = YES;
				GENERATE_INFOPLIST_FILE = YES;
				INFOPLIST_KEY_NSCameraUsageDescription = "Needed to show AR View";
				INFOPLIST_KEY_UIApplicationSupportsIndirectInputEvents = YES;
				INFOPLIST_KEY_UILaunchScreen_Generation = YES;
				INFOPLIST_KEY_UIRequiredDeviceCapabilities = arkit;
				INFOPLIST_KEY_UIStatusBarHidden = YES;
				INFOPLIST_KEY_UISupportedInterfaceOrientations_iPad = "UIInterfaceOrientationPortrait UIInterfaceOrientationPortraitUpsideDown UIInterfaceOrientationLandscapeLeft UIInterfaceOrientationLandscapeRight";
				INFOPLIST_KEY_UISupportedInterfaceOrientations_iPhone = "UIInterfaceOrientationPortrait UIInterfaceOrientationLandscapeLeft UIInterfaceOrientationLandscapeRight";
				LD_RUNPATH_SEARCH_PATHS = (
					"$(inherited)",
					"@executable_path/Frameworks",
				);
				MARKETING_VERSION = 1.0;
				PRODUCT_BUNDLE_IDENTIFIER = "LearningReact.AI-FORECAST-App";
				PRODUCT_NAME = "$(TARGET_NAME)";
				SWIFT_EMIT_LOC_STRINGS = YES;
				SWIFT_VERSION = 5.0;
				TARGETED_DEVICE_FAMILY = "1,2";
			};
			name = Release;
		};
		60C56C182C982FE800810952 /* Debug */ = {
			isa = XCBuildConfiguration;
			buildSettings = {
				ALWAYS_EMBED_SWIFT_STANDARD_LIBRARIES = YES;
				BUNDLE_LOADER = "$(TEST_HOST)";
				CODE_SIGN_STYLE = Automatic;
				CURRENT_PROJECT_VERSION = 1;
				GENERATE_INFOPLIST_FILE = YES;
				IPHONEOS_DEPLOYMENT_TARGET = 17.5;
				MARKETING_VERSION = 1.0;
				PRODUCT_BUNDLE_IDENTIFIER = "LearningReact.AI-FORECAST-AppTests";
				PRODUCT_NAME = "$(TARGET_NAME)";
				SWIFT_EMIT_LOC_STRINGS = NO;
				SWIFT_VERSION = 5.0;
				TARGETED_DEVICE_FAMILY = "1,2";
				TEST_HOST = "$(BUILT_PRODUCTS_DIR)/AI_FORECAST_App.app/$(BUNDLE_EXECUTABLE_FOLDER_PATH)/AI_FORECAST_App";
			};
			name = Debug;
		};
		60C56C192C982FE800810952 /* Release */ = {
			isa = XCBuildConfiguration;
			buildSettings = {
				ALWAYS_EMBED_SWIFT_STANDARD_LIBRARIES = YES;
				BUNDLE_LOADER = "$(TEST_HOST)";
				CODE_SIGN_STYLE = Automatic;
				CURRENT_PROJECT_VERSION = 1;
				GENERATE_INFOPLIST_FILE = YES;
				IPHONEOS_DEPLOYMENT_TARGET = 17.5;
				MARKETING_VERSION = 1.0;
				PRODUCT_BUNDLE_IDENTIFIER = "LearningReact.AI-FORECAST-AppTests";
				PRODUCT_NAME = "$(TARGET_NAME)";
				SWIFT_EMIT_LOC_STRINGS = NO;
				SWIFT_VERSION = 5.0;
				TARGETED_DEVICE_FAMILY = "1,2";
				TEST_HOST = "$(BUILT_PRODUCTS_DIR)/AI_FORECAST_App.app/$(BUNDLE_EXECUTABLE_FOLDER_PATH)/AI_FORECAST_App";
			};
			name = Release;
		};
		60C56C1B2C982FE800810952 /* Debug */ = {
			isa = XCBuildConfiguration;
			buildSettings = {
				ALWAYS_EMBED_SWIFT_STANDARD_LIBRARIES = YES;
				CODE_SIGN_STYLE = Automatic;
				CURRENT_PROJECT_VERSION = 1;
				GENERATE_INFOPLIST_FILE = YES;
				MARKETING_VERSION = 1.0;
				PRODUCT_BUNDLE_IDENTIFIER = "LearningReact.AI-FORECAST-AppUITests";
				PRODUCT_NAME = "$(TARGET_NAME)";
				SWIFT_EMIT_LOC_STRINGS = NO;
				SWIFT_VERSION = 5.0;
				TARGETED_DEVICE_FAMILY = "1,2";
				TEST_TARGET_NAME = AI_FORECAST_App;
			};
			name = Debug;
		};
		60C56C1C2C982FE800810952 /* Release */ = {
			isa = XCBuildConfiguration;
			buildSettings = {
				ALWAYS_EMBED_SWIFT_STANDARD_LIBRARIES = YES;
				CODE_SIGN_STYLE = Automatic;
				CURRENT_PROJECT_VERSION = 1;
				GENERATE_INFOPLIST_FILE = YES;
				MARKETING_VERSION = 1.0;
				PRODUCT_BUNDLE_IDENTIFIER = "LearningReact.AI-FORECAST-AppUITests";
				PRODUCT_NAME = "$(TARGET_NAME)";
				SWIFT_EMIT_LOC_STRINGS = NO;
				SWIFT_VERSION = 5.0;
				TARGETED_DEVICE_FAMILY = "1,2";
				TEST_TARGET_NAME = AI_FORECAST_App;
			};
			name = Release;
		};
/* End XCBuildConfiguration section */

/* Begin XCConfigurationList section */
		60C56BEB2C982FE700810952 /* Build configuration list for PBXProject "AI_FORECAST_App" */ = {
			isa = XCConfigurationList;
			buildConfigurations = (
				60C56C122C982FE800810952 /* Debug */,
				60C56C132C982FE800810952 /* Release */,
			);
			defaultConfigurationIsVisible = 0;
			defaultConfigurationName = Release;
		};
		60C56C142C982FE800810952 /* Build configuration list for PBXNativeTarget "AI_FORECAST_App" */ = {
			isa = XCConfigurationList;
			buildConfigurations = (
				60C56C152C982FE800810952 /* Debug */,
				60C56C162C982FE800810952 /* Release */,
			);
			defaultConfigurationIsVisible = 0;
			defaultConfigurationName = Release;
		};
		60C56C172C982FE800810952 /* Build configuration list for PBXNativeTarget "AI_FORECAST_AppTests" */ = {
			isa = XCConfigurationList;
			buildConfigurations = (
				60C56C182C982FE800810952 /* Debug */,
				60C56C192C982FE800810952 /* Release */,
			);
			defaultConfigurationIsVisible = 0;
			defaultConfigurationName = Release;
		};
		60C56C1A2C982FE800810952 /* Build configuration list for PBXNativeTarget "AI_FORECAST_AppUITests" */ = {
			isa = XCConfigurationList;
			buildConfigurations = (
				60C56C1B2C982FE800810952 /* Debug */,
				60C56C1C2C982FE800810952 /* Release */,
			);
			defaultConfigurationIsVisible = 0;
			defaultConfigurationName = Release;
		};
/* End XCConfigurationList section */

/* Begin XCRemoteSwiftPackageReference section */
		603A8BD92D661F7F00CF595A /* XCRemoteSwiftPackageReference "GoogleSignIn-iOS" */ = {
			isa = XCRemoteSwiftPackageReference;
			repositoryURL = "https://github.com/google/GoogleSignIn-iOS";
			requirement = {
				kind = upToNextMajorVersion;
				minimumVersion = 8.0.0;
			};
		};
		60B6B8272CAEA4E50086930F /* XCRemoteSwiftPackageReference "supabase-swift" */ = {
			isa = XCRemoteSwiftPackageReference;
			repositoryURL = "https://github.com/supabase/supabase-swift.git";
			requirement = {
				kind = upToNextMajorVersion;
				minimumVersion = 2.5.1;
			};
		};
/* End XCRemoteSwiftPackageReference section */

/* Begin XCSwiftPackageProductDependency section */
		603A8BDA2D661F7F00CF595A /* GoogleSignIn */ = {
			isa = XCSwiftPackageProductDependency;
			package = 603A8BD92D661F7F00CF595A /* XCRemoteSwiftPackageReference "GoogleSignIn-iOS" */;
			productName = GoogleSignIn;
		};
		603A8BDC2D661F7F00CF595A /* GoogleSignInSwift */ = {
			isa = XCSwiftPackageProductDependency;
			package = 603A8BD92D661F7F00CF595A /* XCRemoteSwiftPackageReference "GoogleSignIn-iOS" */;
			productName = GoogleSignInSwift;
		};
		609C13342CB16639002F39EF /* Supabase */ = {
			isa = XCSwiftPackageProductDependency;
			package = 60B6B8272CAEA4E50086930F /* XCRemoteSwiftPackageReference "supabase-swift" */;
			productName = Supabase;
		};
		60B6B8282CAEA4E50086930F /* Auth */ = {
			isa = XCSwiftPackageProductDependency;
			package = 60B6B8272CAEA4E50086930F /* XCRemoteSwiftPackageReference "supabase-swift" */;
			productName = Auth;
		};
		60B6B82A2CAEA4E50086930F /* Functions */ = {
			isa = XCSwiftPackageProductDependency;
			package = 60B6B8272CAEA4E50086930F /* XCRemoteSwiftPackageReference "supabase-swift" */;
			productName = Functions;
		};
		60B6B82C2CAEA4E50086930F /* PostgREST */ = {
			isa = XCSwiftPackageProductDependency;
			package = 60B6B8272CAEA4E50086930F /* XCRemoteSwiftPackageReference "supabase-swift" */;
			productName = PostgREST;
		};
		60B6B82E2CAEA4E50086930F /* Realtime */ = {
			isa = XCSwiftPackageProductDependency;
			package = 60B6B8272CAEA4E50086930F /* XCRemoteSwiftPackageReference "supabase-swift" */;
			productName = Realtime;
		};
		60B6B8302CAEA4E50086930F /* Storage */ = {
			isa = XCSwiftPackageProductDependency;
			package = 60B6B8272CAEA4E50086930F /* XCRemoteSwiftPackageReference "supabase-swift" */;
			productName = Storage;
		};
/* End XCSwiftPackageProductDependency section */
	};
	rootObject = 60C56BE82C982FE700810952 /* Project object */;
}
